
Microsoft Visual Studio Solution File, Format Version 12.00
# Visual Studio Version 16
VisualStudioVersion = 16.0.29209.62
MinimumVisualStudioVersion = 10.0.40219.1
Project("{FAE04EC0-301F-11D3-BF4B-00C04F79EFBC}") = "MyLeasing.Web", "MyLeasing.Web\MyLeasing.Web.csproj", "{DE49EADB-4753-4EBE-A152-76ED503A4781}"
EndProject
Project("{FAE04EC0-301F-11D3-BF4B-00C04F79EFBC}") = "MyLeasing.Common", "MyLeasing.Common\MyLeasing.Common.csproj", "{7F709BB1-0AA5-4902-9117-8C2ABAC1D80C}"
EndProject
Global
	GlobalSection(SolutionConfigurationPlatforms) = preSolution
		Debug|Any CPU = Debug|Any CPU
		Release|Any CPU = Release|Any CPU
	EndGlobalSection
	GlobalSection(ProjectConfigurationPlatforms) = postSolution
		{DE49EADB-4753-4EBE-A152-76ED503A4781}.Debug|Any CPU.ActiveCfg = Debug|Any CPU
		{DE49EADB-4753-4EBE-A152-76ED503A4781}.Debug|Any CPU.Build.0 = Debug|Any CPU
		{DE49EADB-4753-4EBE-A152-76ED503A4781}.Release|Any CPU.ActiveCfg = Release|Any CPU
		{DE49EADB-4753-4EBE-A152-76ED503A4781}.Release|Any CPU.Build.0 = Release|Any CPU
		{7F709BB1-0AA5-4902-9117-8C2ABAC1D80C}.Debug|Any CPU.ActiveCfg = Debug|Any CPU
		{7F709BB1-0AA5-4902-9117-8C2ABAC1D80C}.Debug|Any CPU.Build.0 = Debug|Any CPU
		{7F709BB1-0AA5-4902-9117-8C2ABAC1D80C}.Release|Any CPU.ActiveCfg = Release|Any CPU
		{7F709BB1-0AA5-4902-9117-8C2ABAC1D80C}.Release|Any CPU.Build.0 = Release|Any CPU
	EndGlobalSection
	GlobalSection(SolutionProperties) = preSolution
		HideSolutionNode = FALSE
	EndGlobalSection
	GlobalSection(ExtensibilityGlobals) = postSolution
		SolutionGuid = {F327C8E9-F62D-4E2A-98B7-FA5F83C47722}
	EndGlobalSection
EndGlobal
